
Microsoft Visual Studio Solution File, Format Version 12.00
# Visual Studio 15
VisualStudioVersion = 15.0.27703.2035
MinimumVisualStudioVersion = 10.0.40219.1
Project("{FAE04EC0-301F-11D3-BF4B-00C04F79EFBC}") = "CarDealershipNew.UI", "CarDealershipNew.UI\CarDealershipNew.UI.csproj", "{5C52817F-0B32-4ABA-AA40-87C6FB5876E8}"
EndProject
Project("{FAE04EC0-301F-11D3-BF4B-00C04F79EFBC}") = "CarDealershipNew.Data", "CarDealershipNew.Data\CarDealershipNew.Data.csproj", "{9D3FCBDC-B4A6-45B6-AEC9-ED3EA2C84B5B}"
EndProject
Project("{FAE04EC0-301F-11D3-BF4B-00C04F79EFBC}") = "CarDealershipNew.Models", "CarDealershipNew.Models\CarDealershipNew.Models.csproj", "{EC381A95-7EB7-4C85-BD76-C1B536A0B526}"
EndProject
Project("{FAE04EC0-301F-11D3-BF4B-00C04F79EFBC}") = "CarDealershipNew.UnitTests", "CarDealershipNew.UnitTests\CarDealershipNew.UnitTests.csproj", "{9D1D20A5-6601-438A-AAC3-A847F56FF86D}"
EndProject
Global
	GlobalSection(SolutionConfigurationPlatforms) = preSolution
		Debug|Any CPU = Debug|Any CPU
		Release|Any CPU = Release|Any CPU
	EndGlobalSection
	GlobalSection(ProjectConfigurationPlatforms) = postSolution
		{5C52817F-0B32-4ABA-AA40-87C6FB5876E8}.Debug|Any CPU.ActiveCfg = Debug|Any CPU
		{5C52817F-0B32-4ABA-AA40-87C6FB5876E8}.Debug|Any CPU.Build.0 = Debug|Any CPU
		{5C52817F-0B32-4ABA-AA40-87C6FB5876E8}.Release|Any CPU.ActiveCfg = Release|Any CPU
		{5C52817F-0B32-4ABA-AA40-87C6FB5876E8}.Release|Any CPU.Build.0 = Release|Any CPU
		{9D3FCBDC-B4A6-45B6-AEC9-ED3EA2C84B5B}.Debug|Any CPU.ActiveCfg = Debug|Any CPU
		{9D3FCBDC-B4A6-45B6-AEC9-ED3EA2C84B5B}.Debug|Any CPU.Build.0 = Debug|Any CPU
		{9D3FCBDC-B4A6-45B6-AEC9-ED3EA2C84B5B}.Release|Any CPU.ActiveCfg = Release|Any CPU
		{9D3FCBDC-B4A6-45B6-AEC9-ED3EA2C84B5B}.Release|Any CPU.Build.0 = Release|Any CPU
		{EC381A95-7EB7-4C85-BD76-C1B536A0B526}.Debug|Any CPU.ActiveCfg = Debug|Any CPU
		{EC381A95-7EB7-4C85-BD76-C1B536A0B526}.Debug|Any CPU.Build.0 = Debug|Any CPU
		{EC381A95-7EB7-4C85-BD76-C1B536A0B526}.Release|Any CPU.ActiveCfg = Release|Any CPU
		{EC381A95-7EB7-4C85-BD76-C1B536A0B526}.Release|Any CPU.Build.0 = Release|Any CPU
		{9D1D20A5-6601-438A-AAC3-A847F56FF86D}.Debug|Any CPU.ActiveCfg = Debug|Any CPU
		{9D1D20A5-6601-438A-AAC3-A847F56FF86D}.Debug|Any CPU.Build.0 = Debug|Any CPU
		{9D1D20A5-6601-438A-AAC3-A847F56FF86D}.Release|Any CPU.ActiveCfg = Release|Any CPU
		{9D1D20A5-6601-438A-AAC3-A847F56FF86D}.Release|Any CPU.Build.0 = Release|Any CPU
	EndGlobalSection
	GlobalSection(SolutionProperties) = preSolution
		HideSolutionNode = FALSE
	EndGlobalSection
	GlobalSection(ExtensibilityGlobals) = postSolution
		SolutionGuid = {2F2B2AC8-999C-4F8D-84A1-47105BEE7278}
	EndGlobalSection
EndGlobal
